Microsoft Visual Studio Solution File, Format Version 12.00
# Visual Studio Version 17
VisualStudioVersion = 17.5.2.0
MinimumVisualStudioVersion = 10.0.40219.1
Project("{FAE04EC0-301F-11D3-BF4B-00C04F79EFBC}") = "GH Copilot", "GH Copilot.csproj", "{5C3A96B7-6D22-DBB5-8307-98175FC92090}"
EndProject
Global
	GlobalSection(SolutionConfigurationPlatforms) = preSolution
		Debug|Any CPU = Debug|Any CPU
		Release|Any CPU = Release|Any CPU
	EndGlobalSection
	GlobalSection(ProjectConfigurationPlatforms) = postSolution
		{5C3A96B7-6D22-DBB5-8307-98175FC92090}.Debug|Any CPU.ActiveCfg = Debug|Any CPU
		{5C3A96B7-6D22-DBB5-8307-98175FC92090}.Debug|Any CPU.Build.0 = Debug|Any CPU
		{5C3A96B7-6D22-DBB5-8307-98175FC92090}.Release|Any CPU.ActiveCfg = Release|Any CPU
		{5C3A96B7-6D22-DBB5-8307-98175FC92090}.Release|Any CPU.Build.0 = Release|Any CPU
	EndGlobalSection
	GlobalSection(SolutionProperties) = preSolution
		HideSolutionNode = FALSE
	EndGlobalSection
	GlobalSection(ExtensibilityGlobals) = postSolution
		SolutionGuid = {0B1F743A-FAA5-424E-A467-5F3DB7C84AD4}
	EndGlobalSection
EndGlobal
